
Microsoft Visual Studio Solution File, Format Version 12.00
# Visual Studio 2012
Project("{2150E333-8FDC-42A3-9474-1A3956D46DE8}") = "Integrated", "Integrated", "{BA6245BE-DC7A-407E-BC04-419E1A78DA92}"
EndProject
Project("{2150E333-8FDC-42A3-9474-1A3956D46DE8}") = "Fast", "Fast", "{ED9CD0F9-13BE-4F37-A2FF-64EEF6A2EDF4}"
EndProject
Project("{2150E333-8FDC-42A3-9474-1A3956D46DE8}") = "Expansive", "Expansive", "{5B443552-A304-48A3-B718-EA7D66492582}"
EndProject
Project("{2150E333-8FDC-42A3-9474-1A3956D46DE8}") = "Expressive", "Expressive", "{C4B7B266-21A0-4712-B018-E9BD04557B28}"
EndProject
Project("{2150E333-8FDC-42A3-9474-1A3956D46DE8}") = "Analytical", "Analytical", "{62EA5753-D247-43B1-9BC2-82C821803035}"
EndProject
Project("{2150E333-8FDC-42A3-9474-1A3956D46DE8}") = "BugFree", "BugFree", "{AEFA7347-E7BC-4E1E-B293-B7678A71B67D}"
EndProject
Project("{F2A71F9B-5D33-465A-A702-920D77279786}") = "Tff.RExample", "Tff.RExample\Tff.RExample.fsproj", "{EDBA2B3E-E1CF-4A96-B35B-86A0F3E0D328}"
EndProject
Project("{F2A71F9B-5D33-465A-A702-920D77279786}") = "Tff.BugFreeCode.FS", "Tff.BugFreeCode.FS\Tff.BugFreeCode.FS.fsproj", "{0200003B-CAB1-4481-B633-B020CAD42805}"
EndProject
Project("{FAE04EC0-301F-11D3-BF4B-00C04F79EFBC}") = "Tff.BugFreeCode.CS", "Tff.BugFreeCode.CS\Tff.BugFreeCode.CS.csproj", "{DCCA0FA6-3330-4587-8446-A7BDCEEDD67F}"
EndProject
Project("{F2A71F9B-5D33-465A-A702-920D77279786}") = "Tff.NorthwindProvider", "Tff.NorthwindProvider\Tff.NorthwindProvider.fsproj", "{B77D7D8D-878D-4E56-87FF-30C5B5759B08}"
EndProject
Project("{F2A71F9B-5D33-465A-A702-920D77279786}") = "Tff.WebServiceProvider", "Tff.WebServiceProvider\Tff.WebServiceProvider.fsproj", "{72557696-0FAA-44A2-AB99-5EE81760FF4C}"
EndProject
Project("{FAE04EC0-301F-11D3-BF4B-00C04F79EFBC}") = "Tff.ProjectEuler.CS", "Tff.EulerQuestion1.CS\Tff.ProjectEuler.CS.csproj", "{A422FFD2-F4A5-4A0B-B558-AB4DACBFA5DE}"
EndProject
Project("{F2A71F9B-5D33-465A-A702-920D77279786}") = "Tff.ProjectEuler.FS", "Tff.EulerQuestion1.FS\Tff.ProjectEuler.FS.fsproj", "{C1D08BFB-88DB-4D68-9836-B8277C61BB94}"
EndProject
Project("{F2A71F9B-5D33-465A-A702-920D77279786}") = "Tff.Ransom.FS", "Tff.Ransom.FS\Tff.Ransom.FS.fsproj", "{A5BFD84D-3D5F-4A4C-907A-231FE9281DB8}"
EndProject
Project("{F184B08F-C81C-45F6-A57F-5ABD9991F28F}") = "Tff.Ransom.VB", "Tff.Ransom.VB\Tff.Ransom.VB.vbproj", "{A0DE8466-05AB-416A-A715-C436E48F0A4F}"
EndProject
Project("{FAE04EC0-301F-11D3-BF4B-00C04F79EFBC}") = "Tff.Ransom.CS", "Tff.Ransom.CS\Tff.Ransom.CS.csproj", "{24DBCE97-22DF-44AF-AC83-6947F09D363B}"
EndProject
Project("{FAE04EC0-301F-11D3-BF4B-00C04F79EFBC}") = "Tff.Ransom.UI", "Tff.Ransom.UI\Tff.Ransom.UI.csproj", "{9A22DE1E-FAE7-413C-87D8-CA4FB0D9F4C6}"
EndProject
Project("{F2A71F9B-5D33-465A-A702-920D77279786}") = "Tff.WinForms", "Tff.WinForms\Tff.WinForms.fsproj", "{15AEF2F5-D914-45BE-9DB5-71221227D065}"
EndProject
Project("{F2A71F9B-5D33-465A-A702-920D77279786}") = "Tff.ClaimAdjudicator", "Tff.ClaimAdjudicator\Tff.ClaimAdjudicator.fsproj", "{C1F181BD-BD9C-4382-B02A-D029E0701D22}"
EndProject
Project("{FAE04EC0-301F-11D3-BF4B-00C04F79EFBC}") = "Tff.ClaimAdjudicator.Tests", "Tff.ClaimAdjudicator.Tests\Tff.ClaimAdjudicator.Tests.csproj", "{CF5C0F57-B4DF-4D8C-9394-D288376E91CC}"
EndProject
Global
	GlobalSection(SolutionConfigurationPlatforms) = preSolution
		Debug|Any CPU = Debug|Any CPU
		Release|Any CPU = Release|Any CPU
	EndGlobalSection
	GlobalSection(ProjectConfigurationPlatforms) = postSolution
		{EDBA2B3E-E1CF-4A96-B35B-86A0F3E0D328}.Debug|Any CPU.ActiveCfg = Debug|Any CPU
		{EDBA2B3E-E1CF-4A96-B35B-86A0F3E0D328}.Debug|Any CPU.Build.0 = Debug|Any CPU
		{EDBA2B3E-E1CF-4A96-B35B-86A0F3E0D328}.Release|Any CPU.ActiveCfg = Release|Any CPU
		{EDBA2B3E-E1CF-4A96-B35B-86A0F3E0D328}.Release|Any CPU.Build.0 = Release|Any CPU
		{0200003B-CAB1-4481-B633-B020CAD42805}.Debug|Any CPU.ActiveCfg = Debug|Any CPU
		{0200003B-CAB1-4481-B633-B020CAD42805}.Debug|Any CPU.Build.0 = Debug|Any CPU
		{0200003B-CAB1-4481-B633-B020CAD42805}.Release|Any CPU.ActiveCfg = Release|Any CPU
		{0200003B-CAB1-4481-B633-B020CAD42805}.Release|Any CPU.Build.0 = Release|Any CPU
		{DCCA0FA6-3330-4587-8446-A7BDCEEDD67F}.Debug|Any CPU.ActiveCfg = Debug|Any CPU
		{DCCA0FA6-3330-4587-8446-A7BDCEEDD67F}.Debug|Any CPU.Build.0 = Debug|Any CPU
		{DCCA0FA6-3330-4587-8446-A7BDCEEDD67F}.Release|Any CPU.ActiveCfg = Release|Any CPU
		{DCCA0FA6-3330-4587-8446-A7BDCEEDD67F}.Release|Any CPU.Build.0 = Release|Any CPU
		{B77D7D8D-878D-4E56-87FF-30C5B5759B08}.Debug|Any CPU.ActiveCfg = Debug|Any CPU
		{B77D7D8D-878D-4E56-87FF-30C5B5759B08}.Debug|Any CPU.Build.0 = Debug|Any CPU
		{B77D7D8D-878D-4E56-87FF-30C5B5759B08}.Release|Any CPU.ActiveCfg = Release|Any CPU
		{B77D7D8D-878D-4E56-87FF-30C5B5759B08}.Release|Any CPU.Build.0 = Release|Any CPU
		{72557696-0FAA-44A2-AB99-5EE81760FF4C}.Debug|Any CPU.ActiveCfg = Debug|Any CPU
		{72557696-0FAA-44A2-AB99-5EE81760FF4C}.Debug|Any CPU.Build.0 = Debug|Any CPU
		{72557696-0FAA-44A2-AB99-5EE81760FF4C}.Release|Any CPU.ActiveCfg = Release|Any CPU
		{72557696-0FAA-44A2-AB99-5EE81760FF4C}.Release|Any CPU.Build.0 = Release|Any CPU
		{A422FFD2-F4A5-4A0B-B558-AB4DACBFA5DE}.Debug|Any CPU.ActiveCfg = Debug|Any CPU
		{A422FFD2-F4A5-4A0B-B558-AB4DACBFA5DE}.Debug|Any CPU.Build.0 = Debug|Any CPU
		{A422FFD2-F4A5-4A0B-B558-AB4DACBFA5DE}.Release|Any CPU.ActiveCfg = Release|Any CPU
		{A422FFD2-F4A5-4A0B-B558-AB4DACBFA5DE}.Release|Any CPU.Build.0 = Release|Any CPU
		{C1D08BFB-88DB-4D68-9836-B8277C61BB94}.Debug|Any CPU.ActiveCfg = Debug|Any CPU
		{C1D08BFB-88DB-4D68-9836-B8277C61BB94}.Debug|Any CPU.Build.0 = Debug|Any CPU
		{C1D08BFB-88DB-4D68-9836-B8277C61BB94}.Release|Any CPU.ActiveCfg = Release|Any CPU
		{C1D08BFB-88DB-4D68-9836-B8277C61BB94}.Release|Any CPU.Build.0 = Release|Any CPU
		{A5BFD84D-3D5F-4A4C-907A-231FE9281DB8}.Debug|Any CPU.ActiveCfg = Debug|Any CPU
		{A5BFD84D-3D5F-4A4C-907A-231FE9281DB8}.Debug|Any CPU.Build.0 = Debug|Any CPU
		{A5BFD84D-3D5F-4A4C-907A-231FE9281DB8}.Release|Any CPU.ActiveCfg = Release|Any CPU
		{A5BFD84D-3D5F-4A4C-907A-231FE9281DB8}.Release|Any CPU.Build.0 = Release|Any CPU
		{A0DE8466-05AB-416A-A715-C436E48F0A4F}.Debug|Any CPU.ActiveCfg = Debug|Any CPU
		{A0DE8466-05AB-416A-A715-C436E48F0A4F}.Debug|Any CPU.Build.0 = Debug|Any CPU
		{A0DE8466-05AB-416A-A715-C436E48F0A4F}.Release|Any CPU.ActiveCfg = Release|Any CPU
		{A0DE8466-05AB-416A-A715-C436E48F0A4F}.Release|Any CPU.Build.0 = Release|Any CPU
		{24DBCE97-22DF-44AF-AC83-6947F09D363B}.Debug|Any CPU.ActiveCfg = Debug|Any CPU
		{24DBCE97-22DF-44AF-AC83-6947F09D363B}.Debug|Any CPU.Build.0 = Debug|Any CPU
		{24DBCE97-22DF-44AF-AC83-6947F09D363B}.Release|Any CPU.ActiveCfg = Release|Any CPU
		{24DBCE97-22DF-44AF-AC83-6947F09D363B}.Release|Any CPU.Build.0 = Release|Any CPU
		{9A22DE1E-FAE7-413C-87D8-CA4FB0D9F4C6}.Debug|Any CPU.ActiveCfg = Debug|Any CPU
		{9A22DE1E-FAE7-413C-87D8-CA4FB0D9F4C6}.Debug|Any CPU.Build.0 = Debug|Any CPU
		{9A22DE1E-FAE7-413C-87D8-CA4FB0D9F4C6}.Release|Any CPU.ActiveCfg = Release|Any CPU
		{9A22DE1E-FAE7-413C-87D8-CA4FB0D9F4C6}.Release|Any CPU.Build.0 = Release|Any CPU
		{15AEF2F5-D914-45BE-9DB5-71221227D065}.Debug|Any CPU.ActiveCfg = Debug|Any CPU
		{15AEF2F5-D914-45BE-9DB5-71221227D065}.Debug|Any CPU.Build.0 = Debug|Any CPU
		{15AEF2F5-D914-45BE-9DB5-71221227D065}.Release|Any CPU.ActiveCfg = Release|Any CPU
		{15AEF2F5-D914-45BE-9DB5-71221227D065}.Release|Any CPU.Build.0 = Release|Any CPU
		{C1F181BD-BD9C-4382-B02A-D029E0701D22}.Debug|Any CPU.ActiveCfg = Debug|Any CPU
		{C1F181BD-BD9C-4382-B02A-D029E0701D22}.Debug|Any CPU.Build.0 = Debug|Any CPU
		{C1F181BD-BD9C-4382-B02A-D029E0701D22}.Release|Any CPU.ActiveCfg = Release|Any CPU
		{C1F181BD-BD9C-4382-B02A-D029E0701D22}.Release|Any CPU.Build.0 = Release|Any CPU
		{CF5C0F57-B4DF-4D8C-9394-D288376E91CC}.Debug|Any CPU.ActiveCfg = Debug|Any CPU
		{CF5C0F57-B4DF-4D8C-9394-D288376E91CC}.Debug|Any CPU.Build.0 = Debug|Any CPU
		{CF5C0F57-B4DF-4D8C-9394-D288376E91CC}.Release|Any CPU.ActiveCfg = Release|Any CPU
		{CF5C0F57-B4DF-4D8C-9394-D288376E91CC}.Release|Any CPU.Build.0 = Release|Any CPU
	EndGlobalSection
	GlobalSection(SolutionProperties) = preSolution
		HideSolutionNode = FALSE
	EndGlobalSection
	GlobalSection(NestedProjects) = preSolution
		{15AEF2F5-D914-45BE-9DB5-71221227D065} = {BA6245BE-DC7A-407E-BC04-419E1A78DA92}
		{C1F181BD-BD9C-4382-B02A-D029E0701D22} = {BA6245BE-DC7A-407E-BC04-419E1A78DA92}
		{CF5C0F57-B4DF-4D8C-9394-D288376E91CC} = {BA6245BE-DC7A-407E-BC04-419E1A78DA92}
		{A5BFD84D-3D5F-4A4C-907A-231FE9281DB8} = {ED9CD0F9-13BE-4F37-A2FF-64EEF6A2EDF4}
		{A0DE8466-05AB-416A-A715-C436E48F0A4F} = {ED9CD0F9-13BE-4F37-A2FF-64EEF6A2EDF4}
		{24DBCE97-22DF-44AF-AC83-6947F09D363B} = {ED9CD0F9-13BE-4F37-A2FF-64EEF6A2EDF4}
		{9A22DE1E-FAE7-413C-87D8-CA4FB0D9F4C6} = {ED9CD0F9-13BE-4F37-A2FF-64EEF6A2EDF4}
		{B77D7D8D-878D-4E56-87FF-30C5B5759B08} = {5B443552-A304-48A3-B718-EA7D66492582}
		{72557696-0FAA-44A2-AB99-5EE81760FF4C} = {5B443552-A304-48A3-B718-EA7D66492582}
		{A422FFD2-F4A5-4A0B-B558-AB4DACBFA5DE} = {C4B7B266-21A0-4712-B018-E9BD04557B28}
		{C1D08BFB-88DB-4D68-9836-B8277C61BB94} = {C4B7B266-21A0-4712-B018-E9BD04557B28}
		{EDBA2B3E-E1CF-4A96-B35B-86A0F3E0D328} = {62EA5753-D247-43B1-9BC2-82C821803035}
		{0200003B-CAB1-4481-B633-B020CAD42805} = {AEFA7347-E7BC-4E1E-B293-B7678A71B67D}
		{DCCA0FA6-3330-4587-8446-A7BDCEEDD67F} = {AEFA7347-E7BC-4E1E-B293-B7678A71B67D}
	EndGlobalSection
EndGlobal
